
Microsoft Visual Studio Solution File, Format Version 12.00
# Visual Studio 15
VisualStudioVersion = 15.0.27428.2037
MinimumVisualStudioVersion = 10.0.40219.1
Project("{FAE04EC0-301F-11D3-BF4B-00C04F79EFBC}") = "ecovon_backend", "ecovon-backend\ecovon_backend.csproj", "{1AD3793C-4FA8-45E1-AAA6-797B0F6C5B02}"
EndProject
Global
	GlobalSection(SolutionConfigurationPlatforms) = preSolution
		Debug|Any CPU = Debug|Any CPU
		Release|Any CPU = Release|Any CPU
	EndGlobalSection
	GlobalSection(ProjectConfigurationPlatforms) = postSolution
		{1AD3793C-4FA8-45E1-AAA6-797B0F6C5B02}.Debug|Any CPU.ActiveCfg = Debug|Any CPU
		{1AD3793C-4FA8-45E1-AAA6-797B0F6C5B02}.Debug|Any CPU.Build.0 = Debug|Any CPU
		{1AD3793C-4FA8-45E1-AAA6-797B0F6C5B02}.Release|Any CPU.ActiveCfg = Release|Any CPU
		{1AD3793C-4FA8-45E1-AAA6-797B0F6C5B02}.Release|Any CPU.Build.0 = Release|Any CPU
	EndGlobalSection
	GlobalSection(SolutionProperties) = preSolution
		HideSolutionNode = FALSE
	EndGlobalSection
	GlobalSection(ExtensibilityGlobals) = postSolution
		SolutionGuid = {8F368153-6273-44BA-A67B-39D619E98EB7}
	EndGlobalSection
EndGlobal
